
Microsoft Visual Studio Solution File, Format Version 12.00
# Visual Studio Version 16
VisualStudioVersion = 16.0.30711.63
MinimumVisualStudioVersion = 10.0.40219.1
Project("{8BC9CEB8-8B4A-11D0-8D11-00A0C91BC942}") = "Cinder", "Cinder\Cinder.vcxproj", "{E5C25954-F1EE-4A7B-A150-5FC5BCC5583E}"
EndProject
Global
	GlobalSection(SolutionConfigurationPlatforms) = preSolution
		Debug|x64 = Debug|x64
		Release|x64 = Release|x64
	EndGlobalSection
	GlobalSection(ProjectConfigurationPlatforms) = postSolution
		{E5C25954-F1EE-4A7B-A150-5FC5BCC5583E}.Debug|x64.ActiveCfg = Debug|x64
		{E5C25954-F1EE-4A7B-A150-5FC5BCC5583E}.Debug|x64.Build.0 = Debug|x64
		{E5C25954-F1EE-4A7B-A150-5FC5BCC5583E}.Release|x64.ActiveCfg = Release|x64
		{E5C25954-F1EE-4A7B-A150-5FC5BCC5583E}.Release|x64.Build.0 = Release|x64
	EndGlobalSection
	GlobalSection(SolutionProperties) = preSolution
		HideSolutionNode = FALSE
	EndGlobalSection
	GlobalSection(ExtensibilityGlobals) = postSolution
		SolutionGuid = {BBEA7F76-4E8B-43D7-BD8B-C680C482FE3F}
	EndGlobalSection
EndGlobal
